PODS:
  - Alamofire (4.9.1)
  - Loaf (0.5.0)
  - NVActivityIndicatorView (4.8.0):
    - NVActivityIndicatorView/Presenter (= 4.8.0)
  - NVActivityIndicatorView/Presenter (4.8.0)
  - ObjectMapper (3.5.1)
  - ReachabilitySwift (5.0.0)
  - Toast-Swift (5.0.1)

DEPENDENCIES:
  - Alamofire
  - Loaf
  - NVActivityIndicatorView
  - ObjectMapper
  - ReachabilitySwift
  - Toast-Swift

SPEC REPOS:
  trunk:
    - Alamofire
    - Loaf
    - NVActivityIndicatorView
    - ObjectMapper
    - ReachabilitySwift
    - Toast-Swift

SPEC CHECKSUMS:
  Alamofire: 85e8a02c69d6020a0d734f6054870d7ecb75cf18
  Loaf: 0800b444431366bc395d54267975d4ad4ad5c99c
  NVActivityIndicatorView: d24b7ebcf80af5dcd994adb650e2b6c93379270f
  ObjectMapper: 70187b8941977c62ccfb423caf6b50be405cabf0
  ReachabilitySwift: 985039c6f7b23a1da463388634119492ff86c825
  Toast-Swift: 9b6a70f28b3bf0b96c40d46c0c4b9d6639846711

PODFILE CHECKSUM: 927aa701de476a4faae8812e9ea92a8d1d8daba1

COCOAPODS: 1.9.0.beta.2
